// !$*UTF8*$!
{
	archiveVersion = 1;
	classes = {
	};
	objectVersion = 46;
	objects = {

/* Begin PBXBuildFile section */
		5768562B1D71BC3900E00F70 /* AppDelegate.swift in Sources */ = {isa = PBXBuildFile; fileRef = 5768562A1D71BC3900E00F70 /* AppDelegate.swift */; };
		5768562D1D71BC3900E00F70 /* ViewController.swift in Sources */ = {isa = PBXBuildFile; fileRef = 5768562C1D71BC3900E00F70 /* ViewController.swift */; };
		576856301D71BC3900E00F70 /* Main.storyboard in Resources */ = {isa = PBXBuildFile; fileRef = 5768562E1D71BC3900E00F70 /* Main.storyboard */; };
		576856321D71BC3900E00F70 /* Assets.xcassets in Resources */ = {isa = PBXBuildFile; fileRef = 576856311D71BC3900E00F70 /* Assets.xcassets */; };
		576856351D71BC3900E00F70 /* LaunchScreen.storyboard in Resources */ = {isa = PBXBuildFile; fileRef = 576856331D71BC3900E00F70 /* LaunchScreen.storyboard */; };
		576856411D71CBA600E00F70 /* CadastroTableViewController.swift in Sources */ = {isa = PBXBuildFile; fileRef = 576856401D71CBA600E00F70 /* CadastroTableViewController.swift */; };
/* End PBXBuildFile section */

/* Begin PBXFileReference section */
		576856271D71BC3900E00F70 /* Aula2-Projeto1.app */ = {isa = PBXFileReference; explicitFileType = wrapper.application; includeInIndex = 0; path = "Aula2-Projeto1.app"; sourceTree = BUILT_PRODUCTS_DIR; };
		5768562A1D71BC3900E00F70 /* AppDelegate.swift */ = {isa = PBXFileReference; lastKnownFileType = sourcecode.swift; path = AppDelegate.swift; sourceTree = "<group>"; };
		5768562C1D71BC3900E00F70 /* ViewController.swift */ = {isa = PBXFileReference; lastKnownFileType = sourcecode.swift; path = ViewController.swift; sourceTree = "<group>"; };
		5768562F1D71BC3900E00F70 /* Base */ = {isa = PBXFileReference; lastKnownFileType = file.storyboard; name = Base; path = Base.lproj/Main.storyboard; sourceTree = "<group>"; };
		576856311D71BC3900E00F70 /* Assets.xcassets */ = {isa = PBXFileReference; lastKnownFileType = folder.assetcatalog; path = Assets.xcassets; sourceTree = "<group>"; };
		576856341D71BC3900E00F70 /* Base */ = {isa = PBXFileReference; lastKnownFileType = file.storyboard; name = Base; path = Base.lproj/LaunchScreen.storyboard; sourceTree = "<group>"; };
		576856361D71BC3900E00F70 /* Info.plist */ = {isa = PBXFileReference; lastKnownFileType = text.plist.xml; path = Info.plist; sourceTree = "<group>"; };
		576856401D71CBA600E00F70 /* CadastroTableViewController.swift */ = {isa = PBXFileReference; fileEncoding = 4; lastKnownFileType = sourcecode.swift; path = CadastroTableViewController.swift; sourceTree = "<group>"; };
/* End PBXFileReference section */

/* Begin PBXFrameworksBuildPhase section */
		576856241D71BC3900E00F70 /* Frameworks */ = {
			isa = PBXFrameworksBuildPhase;
			buildActionMask = 2147483647;
			files = (
			);
			runOnlyForDeploymentPostprocessing = 0;
		};
/* End PBXFrameworksBuildPhase section */

/* Begin PBXGroup section */
		5768561E1D71BC3900E00F70 = {
			isa = PBXGroup;
			children = (
				576856291D71BC3900E00F70 /* Aula2-Projeto1 */,
				576856281D71BC3900E00F70 /* Products */,
			);
			sourceTree = "<group>";
		};
		576856281D71BC3900E00F70 /* Products */ = {
			isa = PBXGroup;
			children = (
				576856271D71BC3900E00F70 /* Aula2-Projeto1.app */,
			);
			name = Products;
			sourceTree = "<group>";
		};
		576856291D71BC3900E00F70 /* Aula2-Projeto1 */ = {
			isa = PBXGroup;
			children = (
				5768562A1D71BC3900E00F70 /* AppDelegate.swift */,
				5768562C1D71BC3900E00F70 /* ViewController.swift */,
				5768562E1D71BC3900E00F70 /* Main.storyboard */,
				576856311D71BC3900E00F70 /* Assets.xcassets */,
				576856331D71BC3900E00F70 /* LaunchScreen.storyboard */,
				576856361D71BC3900E00F70 /* Info.plist */,
				576856401D71CBA600E00F70 /* CadastroTableViewController.swift */,
			);
			path = "Aula2-Projeto1";
			sourceTree = "<group>";
		};
/* End PBXGroup section */

/* Begin PBXNativeTarget section */
		576856261D71BC3900E00F70 /* Aula2-Projeto1 */ = {
			isa = PBXNativeTarget;
			buildConfigurationList = 576856391D71BC3900E00F70 /* Build configuration list for PBXNativeTarget "Aula2-Projeto1" */;
			buildPhases = (
				576856231D71BC3900E00F70 /* Sources */,
				576856241D71BC3900E00F70 /* Frameworks */,
				576856251D71BC3900E00F70 /* Resources */,
			);
			buildRules = (
			);
			dependencies = (
			);
			name = "Aula2-Projeto1";
			productName = "Aula2-Projeto1";
			productReference = 576856271D71BC3900E00F70 /* Aula2-Projeto1.app */;
			productType = "com.apple.product-type.application";
		};
/* End PBXNativeTarget section */

/* Begin PBXProject section */
		5768561F1D71BC3900E00F70 /* Project object */ = {
			isa = PBXProject;
			attributes = {
				LastSwiftUpdateCheck = 0730;
				LastUpgradeCheck = 0730;
				ORGANIZATIONNAME = fcv;
				TargetAttributes = {
					576856261D71BC3900E00F70 = {
						CreatedOnToolsVersion = 7.3.1;
					};
				};
			};
			buildConfigurationList = 576856221D71BC3900E00F70 /* Build configuration list for PBXProject "Aula2-Projeto1" */;
			compatibilityVersion = "Xcode 3.2";
			developmentRegion = English;
			hasScannedForEncodings = 0;
			knownRegions = (
				en,
				Base,
			);
			mainGroup = 5768561E1D71BC3900E00F70;
			productRefGroup = 576856281D71BC3900E00F70 /* Products */;
			projectDirPath = "";
			projectRoot = "";
			targets = (
				576856261D71BC3900E00F70 /* Aula2-Projeto1 */,
			);
		};
/* End PBXProject section */

/* Begin PBXResourcesBuildPhase section */
		576856251D71BC3900E00F70 /* Resources */ = {
			isa = PBXResourcesBuildPhase;
			buildActionMask = 2147483647;
			files = (
				576856351D71BC3900E00F70 /* LaunchScreen.storyboard in Resources */,
				576856321D71BC3900E00F70 /* Assets.xcassets in Resources */,
				576856301D71BC3900E00F70 /* Main.storyboard in Resources */,
			);
			runOnlyForDeploymentPostprocessing = 0;
		};
/* End PBXResourcesBuildPhase section */

/* Begin PBXSourcesBuildPhase section */
		576856231D71BC3900E00F70 /* Sources */ = {
			isa = PBXSourcesBuildPhase;
			buildActionMask = 2147483647;
			files = (
				5768562D1D71BC3900E00F70 /* ViewController.swift in Sources */,
				576856411D71CBA600E00F70 /* CadastroTableViewController.swift in Sources */,
				5768562B1D71BC3900E00F70 /* AppDelegate.swift in Sources */,
			);
			runOnlyForDeploymentPostprocessing = 0;
		};
/* End PBXSourcesBuildPhase section */

/* Begin PBXVariantGroup section */
		5768562E1D71BC3900E00F70 /* Main.storyboard */ = {
			isa = PBXVariantGroup;
			children = (
				5768562F1D71BC3900E00F70 /* Base */,
			);
			name = Main.storyboard;
			sourceTree = "<group>";
		};
		576856331D71BC3900E00F70 /* LaunchScreen.storyboard */ = {
			isa = PBXVariantGroup;
			children = (
				576856341D71BC3900E00F70 /* Base */,
			);
			name = LaunchScreen.storyboard;
			sourceTree = "<group>";
		};
/* End PBXVariantGroup section */

/* Begin XCBuildConfiguration section */
		576856371D71BC3900E00F70 /* Debug */ = {
			isa = XCBuildConfiguration;
			buildSettings = {
				ALWAYS_SEARCH_USER_PATHS = NO;
				CLANG_ANALYZER_NONNULL = YES;
				CLANG_CXX_LANGUAGE_STANDARD = "gnu++0x";
				CLANG_CXX_LIBRARY = "libc++";
				CLANG_ENABLE_MODULES = YES;
				CLANG_ENABLE_OBJC_ARC = YES;
				CLANG_WARN_BOOL_CONVERSION = YES;
				CLANG_WARN_CONSTANT_CONVERSION = YES;
				CLANG_WARN_DIRECT_OBJC_ISA_USAGE = YES_ERROR;
				CLANG_WARN_EMPTY_BODY = YES;
				CLANG_WARN_ENUM_CONVERSION = YES;
				CLANG_WARN_INT_CONVERSION = YES;
				CLANG_WARN_OBJC_ROOT_CLASS = YES_ERROR;
				CLANG_WARN_UNREACHABLE_CODE = YES;
				CLANG_WARN__DUPLICATE_METHOD_MATCH = YES;
				"CODE_SIGN_IDENTITY[sdk=iphoneos*]" = "iPhone Developer";
				COPY_PHASE_STRIP = NO;
				DEBUG_INFORMATION_FORMAT = dwarf;
				ENABLE_STRICT_OBJC_MSGSEND = YES;
				ENABLE_TESTABILITY = YES;
				GCC_C_LANGUAGE_STANDARD = gnu99;
				GCC_DYNAMIC_NO_PIC = NO;
				GCC_NO_COMMON_BLOCKS = YES;
				GCC_OPTIMIZATION_LEVEL = 0;
				GCC_PREPROCESSOR_DEFINITIONS = (
					"DEBUG=1",
					"$(inherited)",
				);
				GCC_WARN_64_TO_32_BIT_CONVERSION = YES;
				GCC_WARN_ABOUT_RETURN_TYPE = YES_ERROR;
				GCC_WARN_UNDECLARED_SELECTOR = YES;
				GCC_WARN_UNINITIALIZED_AUTOS = YES_AGGRESSIVE;
				GCC_WARN_UNUSED_FUNCTION = YES;
				GCC_WARN_UNUSED_VARIABLE = YES;
				IPHONEOS_DEPLOYMENT_TARGET = 9.3;
				MTL_ENABLE_DEBUG_INFO = YES;
				ONLY_ACTIVE_ARCH = YES;
				SDKROOT = iphoneos;
				SWIFT_OPTIMIZATION_LEVEL = "-Onone";
				TARGETED_DEVICE_FAMILY = "1,2";
			};
			name = Debug;
		};
		576856381D71BC3900E00F70 /* Release */ = {
			isa = XCBuildConfiguration;
			buildSettings = {
				ALWAYS_SEARCH_USER_PATHS = NO;
				CLANG_ANALYZER_NONNULL = YES;
				CLANG_CXX_LANGUAGE_STANDARD = "gnu++0x";
				CLANG_CXX_LIBRARY = "libc++";
				CLANG_ENABLE_MODULES = YES;
				CLANG_ENABLE_OBJC_ARC = YES;
				CLANG_WARN_BOOL_CONVERSION = YES;
				CLANG_WARN_CONSTANT_CONVERSION = YES;
				CLANG_WARN_DIRECT_OBJC_ISA_USAGE = YES_ERROR;
				CLANG_WARN_EMPTY_BODY = YES;
				CLANG_WARN_ENUM_CONVERSION = YES;
				CLANG_WARN_INT_CONVERSION = YES;
				CLANG_WARN_OBJC_ROOT_CLASS = YES_ERROR;
				CLANG_WARN_UNREACHABLE_CODE = YES;
				CLANG_WARN__DUPLICATE_METHOD_MATCH = YES;
				"CODE_SIGN_IDENTITY[sdk=iphoneos*]" = "iPhone Developer";
				COPY_PHASE_STRIP = NO;
				DEBUG_INFORMATION_FORMAT = "dwarf-with-dsym";
				ENABLE_NS_ASSERTIONS = NO;
				ENABLE_STRICT_OBJC_MSGSEND = YES;
				GCC_C_LANGUAGE_STANDARD = gnu99;
				GCC_NO_COMMON_BLOCKS = YES;
				GCC_WARN_64_TO_32_BIT_CONVERSION = YES;
				GCC_WARN_ABOUT_RETURN_TYPE = YES_ERROR;
				GCC_WARN_UNDECLARED_SELECTOR = YES;
				GCC_WARN_UNINITIALIZED_AUTOS = YES_AGGRESSIVE;
				GCC_WARN_UNUSED_FUNCTION = YES;
				GCC_WARN_UNUSED_VARIABLE = YES;
				IPHONEOS_DEPLOYMENT_TARGET = 9.3;
				MTL_ENABLE_DEBUG_INFO = NO;
				SDKROOT = iphoneos;
				TARGETED_DEVICE_FAMILY = "1,2";
				VALIDATE_PRODUCT = YES;
			};
			name = Release;
		};
		5768563A1D71BC3900E00F70 /* Debug */ = {
			isa = XCBuildConfiguration;
			buildSettings = {
				ASSETCATALOG_COMPILER_APPICON_NAME = AppIcon;
				CODE_SIGN_IDENTITY = "iPhone Developer";
				INFOPLIST_FILE = "Aula2-Projeto1/Info.plist";
				LD_RUNPATH_SEARCH_PATHS = "$(inherited) @executable_path/Frameworks";
				PRODUCT_BUNDLE_IDENTIFIER = "balboa.fcv.Aula2-Projeto1";
				PRODUCT_NAME = "$(TARGET_NAME)";
			};
			name = Debug;
		};
		5768563B1D71BC3900E00F70 /* Release */ = {
			isa = XCBuildConfiguration;
			buildSettings = {
				ASSETCATALOG_COMPILER_APPICON_NAME = AppIcon;
				CODE_SIGN_IDENTITY = "iPhone Developer";
				INFOPLIST_FILE = "Aula2-Projeto1/Info.plist";
				LD_RUNPATH_SEARCH_PATHS = "$(inherited) @executable_path/Frameworks";
				PRODUCT_BUNDLE_IDENTIFIER = "balboa.fcv.Aula2-Projeto1";
				PRODUCT_NAME = "$(TARGET_NAME)";
			};
			name = Release;
		};
/* End XCBuildConfiguration section */

/* Begin XCConfigurationList section */
		576856221D71BC3900E00F70 /* Build configuration list for PBXProject "Aula2-Projeto1" */ = {
			isa = XCConfigurationList;
			buildConfigurations = (
				576856371D71BC3900E00F70 /* Debug */,
				576856381D71BC3900E00F70 /* Release */,
			);
			defaultConfigurationIsVisible = 0;
			defaultConfigurationName = Release;
		};
		576856391D71BC3900E00F70 /* Build configuration list for PBXNativeTarget "Aula2-Projeto1" */ = {
			isa = XCConfigurationList;
			buildConfigurations = (
				5768563A1D71BC3900E00F70 /* Debug */,
				5768563B1D71BC3900E00F70 /* Release */,
			);
			defaultConfigurationIsVisible = 0;
		};
/* End XCConfigurationList section */
	};
	rootObject = 5768561F1D71BC3900E00F70 /* Project object */;
}
